
Microsoft Visual Studio Solution File, Format Version 12.00
# Visual Studio Version 17
VisualStudioVersion = 17.0.31903.59
MinimumVisualStudioVersion = 10.0.40219.1
Project("{2150E333-8FDC-42A3-9474-1A3956D46DE8}") = "src", "src", "{73722119-B26B-4DD3-929B-688495E353AD}"
EndProject
Project("{FAE04EC0-301F-11D3-BF4B-00C04F79EFBC}") = "WatchdogService", "src\WatchdogService\WatchdogService.csproj", "{9F5A7AA5-0237-41F2-966C-32AA6B7E8E10}"
EndProject
Project("{FAE04EC0-301F-11D3-BF4B-00C04F79EFBC}") = "WinServicesRAG.Core", "src\WinServicesRAG.Core\WinServicesRAG.Core.csproj", "{D9F9DF72-7DCB-4631-8F86-DF9208826D36}"
EndProject
Project("{FAE04EC0-301F-11D3-BF4B-00C04F79EFBC}") = "ScreenshotCapture", "src\ScreenshotCapture\ScreenshotCapture.csproj", "{F8B2E9A3-1234-4567-89AB-CDEF01234567}"
EndProject
Global
	GlobalSection(SolutionConfigurationPlatforms) = preSolution
		Debug|Any CPU = Debug|Any CPU
		Release|Any CPU = Release|Any CPU
	EndGlobalSection
	GlobalSection(SolutionProperties) = preSolution
		HideSolutionNode = FALSE
	EndGlobalSection
	GlobalSection(ProjectConfigurationPlatforms) = postSolution
		{9F5A7AA5-0237-41F2-966C-32AA6B7E8E10}.Debug|Any CPU.ActiveCfg = Debug|Any CPU
		{9F5A7AA5-0237-41F2-966C-32AA6B7E8E10}.Debug|Any CPU.Build.0 = Debug|Any CPU
		{9F5A7AA5-0237-41F2-966C-32AA6B7E8E10}.Release|Any CPU.ActiveCfg = Release|Any CPU
		{9F5A7AA5-0237-41F2-966C-32AA6B7E8E10}.Release|Any CPU.Build.0 = Release|Any CPU
		{D9F9DF72-7DCB-4631-8F86-DF9208826D36}.Debug|Any CPU.ActiveCfg = Debug|Any CPU
		{D9F9DF72-7DCB-4631-8F86-DF9208826D36}.Debug|Any CPU.Build.0 = Debug|Any CPU
		{D9F9DF72-7DCB-4631-8F86-DF9208826D36}.Release|Any CPU.ActiveCfg = Release|Any CPU
		{D9F9DF72-7DCB-4631-8F86-DF9208826D36}.Release|Any CPU.Build.0 = Release|Any CPU
		{F8B2E9A3-1234-4567-89AB-CDEF01234567}.Debug|Any CPU.ActiveCfg = Debug|Any CPU
		{F8B2E9A3-1234-4567-89AB-CDEF01234567}.Debug|Any CPU.Build.0 = Debug|Any CPU
		{F8B2E9A3-1234-4567-89AB-CDEF01234567}.Release|Any CPU.ActiveCfg = Release|Any CPU
		{F8B2E9A3-1234-4567-89AB-CDEF01234567}.Release|Any CPU.Build.0 = Release|Any CPU
	EndGlobalSection
	GlobalSection(NestedProjects) = preSolution
		{9F5A7AA5-0237-41F2-966C-32AA6B7E8E10} = {73722119-B26B-4DD3-929B-688495E353AD}
		{D9F9DF72-7DCB-4631-8F86-DF9208826D36} = {73722119-B26B-4DD3-929B-688495E353AD}
		{F8B2E9A3-1234-4567-89AB-CDEF01234567} = {73722119-B26B-4DD3-929B-688495E353AD}
	EndGlobalSection
EndGlobal
